
Microsoft Visual Studio Solution File, Format Version 12.00
# Visual Studio 14
VisualStudioVersion = 14.0.25420.1
MinimumVisualStudioVersion = 10.0.40219.1
Project("{FAE04EC0-301F-11D3-BF4B-00C04F79EFBC}") = "RunClient", "RunClient\RunClient.csproj", "{4CC239E0-A038-496A-882B-0C81D1D4D997}"
EndProject
Project("{2150E333-8FDC-42A3-9474-1A3956D46DE8}") = "Block", "Block", "{89A50A81-CACA-4E57-8598-75EFA97FE378}"
EndProject
Project("{FAE04EC0-301F-11D3-BF4B-00C04F79EFBC}") = "Block.Selenium.Web", "Block.Selenium.Web\Block.Selenium.Web.csproj", "{5DCB1ADC-DAF7-464C-8754-D97106E836B9}"
EndProject
Project("{FAE04EC0-301F-11D3-BF4B-00C04F79EFBC}") = "Block.Interface", "Block.Interface\Block.Interface.csproj", "{53095CD6-5504-4A1F-9C92-888E36F5BEF1}"
EndProject
Global
	GlobalSection(SolutionConfigurationPlatforms) = preSolution
		Debug|Any CPU = Debug|Any CPU
		Release|Any CPU = Release|Any CPU
	EndGlobalSection
	GlobalSection(ProjectConfigurationPlatforms) = postSolution
		{4CC239E0-A038-496A-882B-0C81D1D4D997}.Debug|Any CPU.ActiveCfg = Debug|Any CPU
		{4CC239E0-A038-496A-882B-0C81D1D4D997}.Debug|Any CPU.Build.0 = Debug|Any CPU
		{4CC239E0-A038-496A-882B-0C81D1D4D997}.Release|Any CPU.ActiveCfg = Release|Any CPU
		{4CC239E0-A038-496A-882B-0C81D1D4D997}.Release|Any CPU.Build.0 = Release|Any CPU
		{5DCB1ADC-DAF7-464C-8754-D97106E836B9}.Debug|Any CPU.ActiveCfg = Debug|Any CPU
		{5DCB1ADC-DAF7-464C-8754-D97106E836B9}.Debug|Any CPU.Build.0 = Debug|Any CPU
		{5DCB1ADC-DAF7-464C-8754-D97106E836B9}.Release|Any CPU.ActiveCfg = Release|Any CPU
		{5DCB1ADC-DAF7-464C-8754-D97106E836B9}.Release|Any CPU.Build.0 = Release|Any CPU
		{53095CD6-5504-4A1F-9C92-888E36F5BEF1}.Debug|Any CPU.ActiveCfg = Debug|Any CPU
		{53095CD6-5504-4A1F-9C92-888E36F5BEF1}.Debug|Any CPU.Build.0 = Debug|Any CPU
		{53095CD6-5504-4A1F-9C92-888E36F5BEF1}.Release|Any CPU.ActiveCfg = Release|Any CPU
		{53095CD6-5504-4A1F-9C92-888E36F5BEF1}.Release|Any CPU.Build.0 = Release|Any CPU
	EndGlobalSection
	GlobalSection(SolutionProperties) = preSolution
		HideSolutionNode = FALSE
	EndGlobalSection
	GlobalSection(NestedProjects) = preSolution
		{5DCB1ADC-DAF7-464C-8754-D97106E836B9} = {89A50A81-CACA-4E57-8598-75EFA97FE378}
		{53095CD6-5504-4A1F-9C92-888E36F5BEF1} = {89A50A81-CACA-4E57-8598-75EFA97FE378}
	EndGlobalSection
EndGlobal
